
Microsoft Visual Studio Solution File, Format Version 12.00
# Visual Studio Version 17
VisualStudioVersion = 17.6.33815.320
MinimumVisualStudioVersion = 10.0.40219.1
Project("{FAE04EC0-301F-11D3-BF4B-00C04F79EFBC}") = "Магазин", "Магазин\Магазин.csproj", "{A84C667D-7E5B-455A-B0E5-A9F21E82F2E8}"
EndProject
Global
	GlobalSection(SolutionConfigurationPlatforms) = preSolution
		Debug|Any CPU = Debug|Any CPU
		Release|Any CPU = Release|Any CPU
	EndGlobalSection
	GlobalSection(ProjectConfigurationPlatforms) = postSolution
		{A84C667D-7E5B-455A-B0E5-A9F21E82F2E8}.Debug|Any CPU.ActiveCfg = Debug|Any CPU
		{A84C667D-7E5B-455A-B0E5-A9F21E82F2E8}.Debug|Any CPU.Build.0 = Debug|Any CPU
		{A84C667D-7E5B-455A-B0E5-A9F21E82F2E8}.Release|Any CPU.ActiveCfg = Release|Any CPU
		{A84C667D-7E5B-455A-B0E5-A9F21E82F2E8}.Release|Any CPU.Build.0 = Release|Any CPU
	EndGlobalSection
	GlobalSection(SolutionProperties) = preSolution
		HideSolutionNode = FALSE
	EndGlobalSection
	GlobalSection(ExtensibilityGlobals) = postSolution
		SolutionGuid = {16EA5F83-CB78-4B8D-A84F-ED58A181CA2E}
	EndGlobalSection
EndGlobal
